
Microsoft Visual Studio Solution File, Format Version 12.00
# Visual Studio 15
VisualStudioVersion = 15.0.27703.2000
MinimumVisualStudioVersion = 10.0.40219.1
Project("{FAE04EC0-301F-11D3-BF4B-00C04F79EFBC}") = "QueryBuilder", "QueryBuilder\QueryBuilder.csproj", "{E519023C-C857-44DB-A361-E82035D1E0CA}"
EndProject
Project("{FAE04EC0-301F-11D3-BF4B-00C04F79EFBC}") = "EmployeeDataAccess", "EmployeeDataAccess\EmployeeDataAccess.csproj", "{69C313DC-E4E4-42E5-883E-94B2F98BEDF0}"
EndProject
Project("{FAE04EC0-301F-11D3-BF4B-00C04F79EFBC}") = "MyUnitTestProject", "MyUnitTestProject\MyUnitTestProject.csproj", "{3E6218B7-7D9C-4193-8B58-4CC08A88708D}"
EndProject
Global
	GlobalSection(SolutionConfigurationPlatforms) = preSolution
		Debug|Any CPU = Debug|Any CPU
		Release|Any CPU = Release|Any CPU
	EndGlobalSection
	GlobalSection(ProjectConfigurationPlatforms) = postSolution
		{E519023C-C857-44DB-A361-E82035D1E0CA}.Debug|Any CPU.ActiveCfg = Debug|Any CPU
		{E519023C-C857-44DB-A361-E82035D1E0CA}.Debug|Any CPU.Build.0 = Debug|Any CPU
		{E519023C-C857-44DB-A361-E82035D1E0CA}.Release|Any CPU.ActiveCfg = Release|Any CPU
		{E519023C-C857-44DB-A361-E82035D1E0CA}.Release|Any CPU.Build.0 = Release|Any CPU
		{69C313DC-E4E4-42E5-883E-94B2F98BEDF0}.Debug|Any CPU.ActiveCfg = Debug|Any CPU
		{69C313DC-E4E4-42E5-883E-94B2F98BEDF0}.Debug|Any CPU.Build.0 = Debug|Any CPU
		{69C313DC-E4E4-42E5-883E-94B2F98BEDF0}.Release|Any CPU.ActiveCfg = Release|Any CPU
		{69C313DC-E4E4-42E5-883E-94B2F98BEDF0}.Release|Any CPU.Build.0 = Release|Any CPU
		{3E6218B7-7D9C-4193-8B58-4CC08A88708D}.Debug|Any CPU.ActiveCfg = Debug|Any CPU
		{3E6218B7-7D9C-4193-8B58-4CC08A88708D}.Debug|Any CPU.Build.0 = Debug|Any CPU
		{3E6218B7-7D9C-4193-8B58-4CC08A88708D}.Release|Any CPU.ActiveCfg = Release|Any CPU
		{3E6218B7-7D9C-4193-8B58-4CC08A88708D}.Release|Any CPU.Build.0 = Release|Any CPU
	EndGlobalSection
	GlobalSection(SolutionProperties) = preSolution
		HideSolutionNode = FALSE
	EndGlobalSection
	GlobalSection(ExtensibilityGlobals) = postSolution
		SolutionGuid = {C55E4836-07DD-4FDE-8188-5BF5131E36F9}
	EndGlobalSection
EndGlobal
